
Microsoft Visual Studio Solution File, Format Version 12.00
# Visual Studio 14
VisualStudioVersion = 14.0.25123.0
MinimumVisualStudioVersion = 10.0.40219.1
Project("{2150E333-8FDC-42A3-9474-1A3956D46DE8}") = "02_PartyInvites", "02_PartyInvites", "{DF243AAC-65D9-4AC1-8BCE-53D8CDCEA874}"
EndProject
Project("{2150E333-8FDC-42A3-9474-1A3956D46DE8}") = "04_CsharpFeatures", "04_CsharpFeatures", "{53D53BC0-DD7F-4677-B65F-8D9137E3B0D0}"
EndProject
Project("{FAE04EC0-301F-11D3-BF4B-00C04F79EFBC}") = "CsharpExample", "CsharpExample\CsharpExample.csproj", "{166CAB86-2F80-4040-8FAC-AA7C34A5CE7C}"
EndProject
Global
	GlobalSection(SolutionConfigurationPlatforms) = preSolution
		Debug|Any CPU = Debug|Any CPU
		Release|Any CPU = Release|Any CPU
	EndGlobalSection
	GlobalSection(ProjectConfigurationPlatforms) = postSolution
		{166CAB86-2F80-4040-8FAC-AA7C34A5CE7C}.Debug|Any CPU.ActiveCfg = Debug|Any CPU
		{166CAB86-2F80-4040-8FAC-AA7C34A5CE7C}.Debug|Any CPU.Build.0 = Debug|Any CPU
		{166CAB86-2F80-4040-8FAC-AA7C34A5CE7C}.Release|Any CPU.ActiveCfg = Release|Any CPU
		{166CAB86-2F80-4040-8FAC-AA7C34A5CE7C}.Release|Any CPU.Build.0 = Release|Any CPU
	EndGlobalSection
	GlobalSection(SolutionProperties) = preSolution
		HideSolutionNode = FALSE
	EndGlobalSection
	GlobalSection(NestedProjects) = preSolution
		{166CAB86-2F80-4040-8FAC-AA7C34A5CE7C} = {53D53BC0-DD7F-4677-B65F-8D9137E3B0D0}
	EndGlobalSection
EndGlobal
