
Microsoft Visual Studio Solution File, Format Version 12.00
# Visual Studio 14
VisualStudioVersion = 14.0.25123.0
MinimumVisualStudioVersion = 10.0.40219.1
Project("{FAE04EC0-301F-11D3-BF4B-00C04F79EFBC}") = "EssentialTools", "EssentialTools\EssentialTools.csproj", "{7052901D-1D75-4CBF-8E83-64BA2668D24A}"
EndProject
Project("{FAE04EC0-301F-11D3-BF4B-00C04F79EFBC}") = "EssentialTools.Tests", "EssentialTools.Tests\EssentialTools.Tests.csproj", "{158A3440-8DDE-4384-9FB3-16EAE8C7BE02}"
EndProject
Global
	GlobalSection(SolutionConfigurationPlatforms) = preSolution
		Debug|Any CPU = Debug|Any CPU
		Release|Any CPU = Release|Any CPU
	EndGlobalSection
	GlobalSection(ProjectConfigurationPlatforms) = postSolution
		{7052901D-1D75-4CBF-8E83-64BA2668D24A}.Debug|Any CPU.ActiveCfg = Debug|Any CPU
		{7052901D-1D75-4CBF-8E83-64BA2668D24A}.Debug|Any CPU.Build.0 = Debug|Any CPU
		{7052901D-1D75-4CBF-8E83-64BA2668D24A}.Release|Any CPU.ActiveCfg = Release|Any CPU
		{7052901D-1D75-4CBF-8E83-64BA2668D24A}.Release|Any CPU.Build.0 = Release|Any CPU
		{158A3440-8DDE-4384-9FB3-16EAE8C7BE02}.Debug|Any CPU.ActiveCfg = Debug|Any CPU
		{158A3440-8DDE-4384-9FB3-16EAE8C7BE02}.Debug|Any CPU.Build.0 = Debug|Any CPU
		{158A3440-8DDE-4384-9FB3-16EAE8C7BE02}.Release|Any CPU.ActiveCfg = Release|Any CPU
		{158A3440-8DDE-4384-9FB3-16EAE8C7BE02}.Release|Any CPU.Build.0 = Release|Any CPU
	EndGlobalSection
	GlobalSection(SolutionProperties) = preSolution
		HideSolutionNode = FALSE
	EndGlobalSection
EndGlobal
